
Microsoft Visual Studio Solution File, Format Version 12.00
# Visual Studio Version 17
VisualStudioVersion = 17.9.34723.18
MinimumVisualStudioVersion = 10.0.40219.1
Project("{FAE04EC0-301F-11D3-BF4B-00C04F79EFBC}") = "HW_16_CookieSession", "HW_16_CookieSession\HW_16_CookieSession.csproj", "{94E04A4F-D003-4124-8043-C586C55D3F41}"
EndProject
Global
	GlobalSection(SolutionConfigurationPlatforms) = preSolution
		Debug|Any CPU = Debug|Any CPU
		Release|Any CPU = Release|Any CPU
	EndGlobalSection
	GlobalSection(ProjectConfigurationPlatforms) = postSolution
		{94E04A4F-D003-4124-8043-C586C55D3F41}.Debug|Any CPU.ActiveCfg = Debug|Any CPU
		{94E04A4F-D003-4124-8043-C586C55D3F41}.Debug|Any CPU.Build.0 = Debug|Any CPU
		{94E04A4F-D003-4124-8043-C586C55D3F41}.Release|Any CPU.ActiveCfg = Release|Any CPU
		{94E04A4F-D003-4124-8043-C586C55D3F41}.Release|Any CPU.Build.0 = Release|Any CPU
	EndGlobalSection
	GlobalSection(SolutionProperties) = preSolution
		HideSolutionNode = FALSE
	EndGlobalSection
	GlobalSection(ExtensibilityGlobals) = postSolution
		SolutionGuid = {A17B9BB7-64EB-46E8-9CB7-5FF63BA3160D}
	EndGlobalSection
EndGlobal
